
Microsoft Visual Studio Solution File, Format Version 12.00
# Visual Studio Version 17
VisualStudioVersion = 17.11.35312.102
MinimumVisualStudioVersion = 10.0.40219.1
Project("{FAE04EC0-301F-11D3-BF4B-00C04F79EFBC}") = "Prosjekt1", "Prosjekt1\Prosjekt1.csproj", "{A56C2442-6ADD-43FF-9F1B-42C020039203}"
EndProject
Global
	GlobalSection(SolutionConfigurationPlatforms) = preSolution
		Debug|Any CPU = Debug|Any CPU
		Release|Any CPU = Release|Any CPU
	EndGlobalSection
	GlobalSection(ProjectConfigurationPlatforms) = postSolution
		{A56C2442-6ADD-43FF-9F1B-42C020039203}.Debug|Any CPU.ActiveCfg = Debug|Any CPU
		{A56C2442-6ADD-43FF-9F1B-42C020039203}.Debug|Any CPU.Build.0 = Debug|Any CPU
		{A56C2442-6ADD-43FF-9F1B-42C020039203}.Release|Any CPU.ActiveCfg = Release|Any CPU
		{A56C2442-6ADD-43FF-9F1B-42C020039203}.Release|Any CPU.Build.0 = Release|Any CPU
	EndGlobalSection
	GlobalSection(SolutionProperties) = preSolution
		HideSolutionNode = FALSE
	EndGlobalSection
	GlobalSection(ExtensibilityGlobals) = postSolution
		SolutionGuid = {AACBB4DB-B671-4C1F-BD6A-486A83988F6F}
	EndGlobalSection
EndGlobal
